
Microsoft Visual Studio Solution File, Format Version 12.00
# Visual Studio 2012
Project("{FAE04EC0-301F-11D3-BF4B-00C04F79EFBC}") = "Algorithms.Code", "Algorithms.Code\Algorithms.Code.csproj", "{44653A3B-2389-49F0-B5AF-8EFC76224D49}"
EndProject
Project("{FAE04EC0-301F-11D3-BF4B-00C04F79EFBC}") = "Algorithms.Tests", "Algorithms.Tests\Algorithms.Tests.csproj", "{F10066A0-2A31-4F6F-9EBF-E2DBAC38B753}"
EndProject
Global
	GlobalSection(SolutionConfigurationPlatforms) = preSolution
		Debug|Any CPU = Debug|Any CPU
		Release|Any CPU = Release|Any CPU
	EndGlobalSection
	GlobalSection(ProjectConfigurationPlatforms) = postSolution
		{44653A3B-2389-49F0-B5AF-8EFC76224D49}.Debug|Any CPU.ActiveCfg = Debug|Any CPU
		{44653A3B-2389-49F0-B5AF-8EFC76224D49}.Debug|Any CPU.Build.0 = Debug|Any CPU
		{44653A3B-2389-49F0-B5AF-8EFC76224D49}.Release|Any CPU.ActiveCfg = Release|Any CPU
		{44653A3B-2389-49F0-B5AF-8EFC76224D49}.Release|Any CPU.Build.0 = Release|Any CPU
		{F10066A0-2A31-4F6F-9EBF-E2DBAC38B753}.Debug|Any CPU.ActiveCfg = Debug|Any CPU
		{F10066A0-2A31-4F6F-9EBF-E2DBAC38B753}.Debug|Any CPU.Build.0 = Debug|Any CPU
		{F10066A0-2A31-4F6F-9EBF-E2DBAC38B753}.Release|Any CPU.ActiveCfg = Release|Any CPU
		{F10066A0-2A31-4F6F-9EBF-E2DBAC38B753}.Release|Any CPU.Build.0 = Release|Any CPU
	EndGlobalSection
	GlobalSection(SolutionProperties) = preSolution
		HideSolutionNode = FALSE
	EndGlobalSection
EndGlobal
